
Microsoft Visual Studio Solution File, Format Version 12.00
# Visual Studio Version 16
VisualStudioVersion = 16.0.29403.142
MinimumVisualStudioVersion = 10.0.40219.1
Project("{8BC9CEB8-8B4A-11D0-8D11-00A0C91BC942}") = "TP_HAJNAL_07_11_2019", "TP_HAJNAL_07_11_2019\TP_HAJNAL_07_11_2019.vcxproj", "{190D4166-7EA1-4472-9604-EC6D315FBC28}"
EndProject
Global
	GlobalSection(SolutionConfigurationPlatforms) = preSolution
		Debug|x64 = Debug|x64
		Debug|x86 = Debug|x86
		Release|x64 = Release|x64
		Release|x86 = Release|x86
	EndGlobalSection
	GlobalSection(ProjectConfigurationPlatforms) = postSolution
		{190D4166-7EA1-4472-9604-EC6D315FBC28}.Debug|x64.ActiveCfg = Debug|x64
		{190D4166-7EA1-4472-9604-EC6D315FBC28}.Debug|x64.Build.0 = Debug|x64
		{190D4166-7EA1-4472-9604-EC6D315FBC28}.Debug|x86.ActiveCfg = Debug|Win32
		{190D4166-7EA1-4472-9604-EC6D315FBC28}.Debug|x86.Build.0 = Debug|Win32
		{190D4166-7EA1-4472-9604-EC6D315FBC28}.Release|x64.ActiveCfg = Release|x64
		{190D4166-7EA1-4472-9604-EC6D315FBC28}.Release|x64.Build.0 = Release|x64
		{190D4166-7EA1-4472-9604-EC6D315FBC28}.Release|x86.ActiveCfg = Release|Win32
		{190D4166-7EA1-4472-9604-EC6D315FBC28}.Release|x86.Build.0 = Release|Win32
	EndGlobalSection
	GlobalSection(SolutionProperties) = preSolution
		HideSolutionNode = FALSE
	EndGlobalSection
	GlobalSection(ExtensibilityGlobals) = postSolution
		SolutionGuid = {C35D8B2C-6734-4AF1-8976-CBB3DEDD8335}
	EndGlobalSection
EndGlobal
